
Microsoft Visual Studio Solution File, Format Version 12.00
# Visual Studio Version 17
VisualStudioVersion = 17.0.32112.339
MinimumVisualStudioVersion = 10.0.40219.1
Project("{8BC9CEB8-8B4A-11D0-8D11-00A0C91BC942}") = "7-1 Project Gabriel Romero", "7-1 Project Gabriel Romero.vcxproj", "{538EEA71-98EC-4228-814E-98FC9B649677}"
EndProject
Global
	GlobalSection(SolutionConfigurationPlatforms) = preSolution
		Debug|x64 = Debug|x64
		Debug|x86 = Debug|x86
		Release|x64 = Release|x64
		Release|x86 = Release|x86
	EndGlobalSection
	GlobalSection(ProjectConfigurationPlatforms) = postSolution
		{538EEA71-98EC-4228-814E-98FC9B649677}.Debug|x64.ActiveCfg = Debug|x64
		{538EEA71-98EC-4228-814E-98FC9B649677}.Debug|x64.Build.0 = Debug|x64
		{538EEA71-98EC-4228-814E-98FC9B649677}.Debug|x86.ActiveCfg = Debug|Win32
		{538EEA71-98EC-4228-814E-98FC9B649677}.Debug|x86.Build.0 = Debug|Win32
		{538EEA71-98EC-4228-814E-98FC9B649677}.Release|x64.ActiveCfg = Release|x64
		{538EEA71-98EC-4228-814E-98FC9B649677}.Release|x64.Build.0 = Release|x64
		{538EEA71-98EC-4228-814E-98FC9B649677}.Release|x86.ActiveCfg = Release|Win32
		{538EEA71-98EC-4228-814E-98FC9B649677}.Release|x86.Build.0 = Release|Win32
	EndGlobalSection
	GlobalSection(SolutionProperties) = preSolution
		HideSolutionNode = FALSE
	EndGlobalSection
	GlobalSection(ExtensibilityGlobals) = postSolution
		SolutionGuid = {513049B1-84BD-423D-BA44-E52A74504A23}
	EndGlobalSection
EndGlobal
